// !$*UTF8*$!
{
	archiveVersion = 1;
	classes = {
	};
	objectVersion = 56;
	objects = {

/* Begin PBXBuildFile section */
		CA2FD7C02B71A61D0097C000 /* RestartApp.swift in Sources */ = {isa = PBXBuildFile; fileRef = CA2FD7BF2B71A61D0097C000 /* RestartApp.swift */; };
		CA2FD7C22B71A61D0097C000 /* ContentView.swift in Sources */ = {isa = PBXBuildFile; fileRef = CA2FD7C12B71A61D0097C000 /* ContentView.swift */; };
		CA2FD7C42B71A61F0097C000 /* Assets.xcassets in Resources */ = {isa = PBXBuildFile; fileRef = CA2FD7C32B71A61F0097C000 /* Assets.xcassets */; };
		CA2FD7C72B71A61F0097C000 /* Preview Assets.xcassets in Resources */ = {isa = PBXBuildFile; fileRef = CA2FD7C62B71A61F0097C000 /* Preview Assets.xcassets */; };
		CA4AFFBA2B74F1CC006DC242 /* AudioPlayer.swift in Sources */ = {isa = PBXBuildFile; fileRef = CA4AFFB92B74F1CC006DC242 /* AudioPlayer.swift */; };
		CA70262E2B71A99E00D5ED26 /* chimeup.mp3 in Resources */ = {isa = PBXBuildFile; fileRef = CA70262C2B71A99E00D5ED26 /* chimeup.mp3 */; };
		CA70262F2B71A99E00D5ED26 /* success.m4a in Resources */ = {isa = PBXBuildFile; fileRef = CA70262D2B71A99E00D5ED26 /* success.m4a */; };
		CA7026362B71AEC300D5ED26 /* OnboardingView.swift in Sources */ = {isa = PBXBuildFile; fileRef = CA7026352B71AEC300D5ED26 /* OnboardingView.swift */; };
		CA7026382B71AED500D5ED26 /* HomeView.swift in Sources */ = {isa = PBXBuildFile; fileRef = CA7026372B71AED500D5ED26 /* HomeView.swift */; };
		CA70263A2B730B7600D5ED26 /* CircleGroupView.swift in Sources */ = {isa = PBXBuildFile; fileRef = CA7026392B730B7600D5ED26 /* CircleGroupView.swift */; };
/* End PBXBuildFile section */

/* Begin PBXFileReference section */
		CA2FD7BC2B71A61D0097C000 /* Restart.app */ = {isa = PBXFileReference; explicitFileType = wrapper.application; includeInIndex = 0; path = Restart.app; sourceTree = BUILT_PRODUCTS_DIR; };
		CA2FD7BF2B71A61D0097C000 /* RestartApp.swift */ = {isa = PBXFileReference; lastKnownFileType = sourcecode.swift; path = RestartApp.swift; sourceTree = "<group>"; };
		CA2FD7C12B71A61D0097C000 /* ContentView.swift */ = {isa = PBXFileReference; lastKnownFileType = sourcecode.swift; path = ContentView.swift; sourceTree = "<group>"; };
		CA2FD7C32B71A61F0097C000 /* Assets.xcassets */ = {isa = PBXFileReference; lastKnownFileType = folder.assetcatalog; path = Assets.xcassets; sourceTree = "<group>"; };
		CA2FD7C62B71A61F0097C000 /* Preview Assets.xcassets */ = {isa = PBXFileReference; lastKnownFileType = folder.assetcatalog; path = "Preview Assets.xcassets"; sourceTree = "<group>"; };
		CA4AFFB92B74F1CC006DC242 /* AudioPlayer.swift */ = {isa = PBXFileReference; lastKnownFileType = sourcecode.swift; path = AudioPlayer.swift; sourceTree = "<group>"; };
		CA70262C2B71A99E00D5ED26 /* chimeup.mp3 */ = {isa = PBXFileReference; lastKnownFileType = audio.mp3; path = chimeup.mp3; sourceTree = "<group>"; };
		CA70262D2B71A99E00D5ED26 /* success.m4a */ = {isa = PBXFileReference; lastKnownFileType = file; path = success.m4a; sourceTree = "<group>"; };
		CA7026342B71AD3900D5ED26 /* Info.plist */ = {isa = PBXFileReference; lastKnownFileType = text.plist; path = Info.plist; sourceTree = "<group>"; };
		CA7026352B71AEC300D5ED26 /* OnboardingView.swift */ = {isa = PBXFileReference; lastKnownFileType = sourcecode.swift; path = OnboardingView.swift; sourceTree = "<group>"; };
		CA7026372B71AED500D5ED26 /* HomeView.swift */ = {isa = PBXFileReference; lastKnownFileType = sourcecode.swift; path = HomeView.swift; sourceTree = "<group>"; };
		CA7026392B730B7600D5ED26 /* CircleGroupView.swift */ = {isa = PBXFileReference; lastKnownFileType = sourcecode.swift; path = CircleGroupView.swift; sourceTree = "<group>"; };
/* End PBXFileReference section */

/* Begin PBXFrameworksBuildPhase section */
		CA2FD7B92B71A61D0097C000 /* Frameworks */ = {
			isa = PBXFrameworksBuildPhase;
			buildActionMask = 2147483647;
			files = (
			);
			runOnlyForDeploymentPostprocessing = 0;
		};
/* End PBXFrameworksBuildPhase section */

/* Begin PBXGroup section */
		CA2FD7B32B71A61D0097C000 = {
			isa = PBXGroup;
			children = (
				CA2FD7BE2B71A61D0097C000 /* Restart */,
				CA2FD7BD2B71A61D0097C000 /* Products */,
			);
			sourceTree = "<group>";
		};
		CA2FD7BD2B71A61D0097C000 /* Products */ = {
			isa = PBXGroup;
			children = (
				CA2FD7BC2B71A61D0097C000 /* Restart.app */,
			);
			name = Products;
			sourceTree = "<group>";
		};
		CA2FD7BE2B71A61D0097C000 /* Restart */ = {
			isa = PBXGroup;
			children = (
				CA7026342B71AD3900D5ED26 /* Info.plist */,
				CA7026332B71AB4600D5ED26 /* Utility */,
				CA7026322B71AB2B00D5ED26 /* Views */,
				CA7026302B71A9AD00D5ED26 /* Sounds */,
				CA2FD7BF2B71A61D0097C000 /* RestartApp.swift */,
				CA7026312B71AB0C00D5ED26 /* Screens */,
				CA2FD7C32B71A61F0097C000 /* Assets.xcassets */,
				CA2FD7C52B71A61F0097C000 /* Preview Content */,
			);
			path = Restart;
			sourceTree = "<group>";
		};
		CA2FD7C52B71A61F0097C000 /* Preview Content */ = {
			isa = PBXGroup;
			children = (
				CA2FD7C62B71A61F0097C000 /* Preview Assets.xcassets */,
			);
			path = "Preview Content";
			sourceTree = "<group>";
		};
		CA7026302B71A9AD00D5ED26 /* Sounds */ = {
			isa = PBXGroup;
			children = (
				CA70262C2B71A99E00D5ED26 /* chimeup.mp3 */,
				CA70262D2B71A99E00D5ED26 /* success.m4a */,
			);
			path = Sounds;
			sourceTree = "<group>";
		};
		CA7026312B71AB0C00D5ED26 /* Screens */ = {
			isa = PBXGroup;
			children = (
				CA2FD7C12B71A61D0097C000 /* ContentView.swift */,
				CA7026352B71AEC300D5ED26 /* OnboardingView.swift */,
				CA7026372B71AED500D5ED26 /* HomeView.swift */,
			);
			path = Screens;
			sourceTree = "<group>";
		};
		CA7026322B71AB2B00D5ED26 /* Views */ = {
			isa = PBXGroup;
			children = (
				CA7026392B730B7600D5ED26 /* CircleGroupView.swift */,
			);
			path = Views;
			sourceTree = "<group>";
		};
		CA7026332B71AB4600D5ED26 /* Utility */ = {
			isa = PBXGroup;
			children = (
				CA4AFFB92B74F1CC006DC242 /* AudioPlayer.swift */,
			);
			path = Utility;
			sourceTree = "<group>";
		};
/* End PBXGroup section */

/* Begin PBXNativeTarget section */
		CA2FD7BB2B71A61D0097C000 /* Restart */ = {
			isa = PBXNativeTarget;
			buildConfigurationList = CA2FD7CA2B71A61F0097C000 /* Build configuration list for PBXNativeTarget "Restart" */;
			buildPhases = (
				CA2FD7B82B71A61D0097C000 /* Sources */,
				CA2FD7B92B71A61D0097C000 /* Frameworks */,
				CA2FD7BA2B71A61D0097C000 /* Resources */,
			);
			buildRules = (
			);
			dependencies = (
			);
			name = Restart;
			productName = Restart;
			productReference = CA2FD7BC2B71A61D0097C000 /* Restart.app */;
			productType = "com.apple.product-type.application";
		};
/* End PBXNativeTarget section */

/* Begin PBXProject section */
		CA2FD7B42B71A61D0097C000 /* Project object */ = {
			isa = PBXProject;
			attributes = {
				BuildIndependentTargetsInParallel = 1;
				LastSwiftUpdateCheck = 1420;
				LastUpgradeCheck = 1420;
				TargetAttributes = {
					CA2FD7BB2B71A61D0097C000 = {
						CreatedOnToolsVersion = 14.2;
					};
				};
			};
			buildConfigurationList = CA2FD7B72B71A61D0097C000 /* Build configuration list for PBXProject "Restart" */;
			compatibilityVersion = "Xcode 14.0";
			developmentRegion = en;
			hasScannedForEncodings = 0;
			knownRegions = (
				en,
				Base,
			);
			mainGroup = CA2FD7B32B71A61D0097C000;
			productRefGroup = CA2FD7BD2B71A61D0097C000 /* Products */;
			projectDirPath = "";
			projectRoot = "";
			targets = (
				CA2FD7BB2B71A61D0097C000 /* Restart */,
			);
		};
/* End PBXProject section */

/* Begin PBXResourcesBuildPhase section */
		CA2FD7BA2B71A61D0097C000 /* Resources */ = {
			isa = PBXResourcesBuildPhase;
			buildActionMask = 2147483647;
			files = (
				CA70262F2B71A99E00D5ED26 /* success.m4a in Resources */,
				CA70262E2B71A99E00D5ED26 /* chimeup.mp3 in Resources */,
				CA2FD7C72B71A61F0097C000 /* Preview Assets.xcassets in Resources */,
				CA2FD7C42B71A61F0097C000 /* Assets.xcassets in Resources */,
			);
			runOnlyForDeploymentPostprocessing = 0;
		};
/* End PBXResourcesBuildPhase section */

/* Begin PBXSourcesBuildPhase section */
		CA2FD7B82B71A61D0097C000 /* Sources */ = {
			isa = PBXSourcesBuildPhase;
			buildActionMask = 2147483647;
			files = (
				CA70263A2B730B7600D5ED26 /* CircleGroupView.swift in Sources */,
				CA7026362B71AEC300D5ED26 /* OnboardingView.swift in Sources */,
				CA7026382B71AED500D5ED26 /* HomeView.swift in Sources */,
				CA2FD7C22B71A61D0097C000 /* ContentView.swift in Sources */,
				CA2FD7C02B71A61D0097C000 /* RestartApp.swift in Sources */,
				CA4AFFBA2B74F1CC006DC242 /* AudioPlayer.swift in Sources */,
			);
			runOnlyForDeploymentPostprocessing = 0;
		};
/* End PBXSourcesBuildPhase section */

/* Begin XCBuildConfiguration section */
		CA2FD7C82B71A61F0097C000 /* Debug */ = {
			isa = XCBuildConfiguration;
			buildSettings = {
				ALWAYS_SEARCH_USER_PATHS = NO;
				CLANG_ANALYZER_NONNULL = YES;
				CLANG_ANALYZER_NUMBER_OBJECT_CONVERSION = YES_AGGRESSIVE;
				CLANG_CXX_LANGUAGE_STANDARD = "gnu++20";
				CLANG_ENABLE_MODULES = YES;
				CLANG_ENABLE_OBJC_ARC = YES;
				CLANG_ENABLE_OBJC_WEAK = YES;
				CLANG_WARN_BLOCK_CAPTURE_AUTORELEASING = YES;
				CLANG_WARN_BOOL_CONVERSION = YES;
				CLANG_WARN_COMMA = YES;
				CLANG_WARN_CONSTANT_CONVERSION = YES;
				CLANG_WARN_DEPRECATED_OBJC_IMPLEMENTATIONS = YES;
				CLANG_WARN_DIRECT_OBJC_ISA_USAGE = YES_ERROR;
				CLANG_WARN_DOCUMENTATION_COMMENTS = YES;
				CLANG_WARN_EMPTY_BODY = YES;
				CLANG_WARN_ENUM_CONVERSION = YES;
				CLANG_WARN_INFINITE_RECURSION = YES;
				CLANG_WARN_INT_CONVERSION = YES;
				CLANG_WARN_NON_LITERAL_NULL_CONVERSION = YES;
				CLANG_WARN_OBJC_IMPLICIT_RETAIN_SELF = YES;
				CLANG_WARN_OBJC_LITERAL_CONVERSION = YES;
				CLANG_WARN_OBJC_ROOT_CLASS = YES_ERROR;
				CLANG_WARN_QUOTED_INCLUDE_IN_FRAMEWORK_HEADER = YES;
				CLANG_WARN_RANGE_LOOP_ANALYSIS = YES;
				CLANG_WARN_STRICT_PROTOTYPES = YES;
				CLANG_WARN_SUSPICIOUS_MOVE = YES;
				CLANG_WARN_UNGUARDED_AVAILABILITY = YES_AGGRESSIVE;
				CLANG_WARN_UNREACHABLE_CODE = YES;
				CLANG_WARN__DUPLICATE_METHOD_MATCH = YES;
				COPY_PHASE_STRIP = NO;
				DEBUG_INFORMATION_FORMAT = dwarf;
				ENABLE_STRICT_OBJC_MSGSEND = YES;
				ENABLE_TESTABILITY = YES;
				GCC_C_LANGUAGE_STANDARD = gnu11;
				GCC_DYNAMIC_NO_PIC = NO;
				GCC_NO_COMMON_BLOCKS = YES;
				GCC_OPTIMIZATION_LEVEL = 0;
				GCC_PREPROCESSOR_DEFINITIONS = (
					"DEBUG=1",
					"$(inherited)",
				);
				GCC_WARN_64_TO_32_BIT_CONVERSION = YES;
				GCC_WARN_ABOUT_RETURN_TYPE = YES_ERROR;
				GCC_WARN_UNDECLARED_SELECTOR = YES;
				GCC_WARN_UNINITIALIZED_AUTOS = YES_AGGRESSIVE;
				GCC_WARN_UNUSED_FUNCTION = YES;
				GCC_WARN_UNUSED_VARIABLE = YES;
				IPHONEOS_DEPLOYMENT_TARGET = 16.2;
				MTL_ENABLE_DEBUG_INFO = INCLUDE_SOURCE;
				MTL_FAST_MATH = YES;
				ONLY_ACTIVE_ARCH = YES;
				SDKROOT = iphoneos;
				SWIFT_ACTIVE_COMPILATION_CONDITIONS = DEBUG;
				SWIFT_OPTIMIZATION_LEVEL = "-Onone";
			};
			name = Debug;
		};
		CA2FD7C92B71A61F0097C000 /* Release */ = {
			isa = XCBuildConfiguration;
			buildSettings = {
				ALWAYS_SEARCH_USER_PATHS = NO;
				CLANG_ANALYZER_NONNULL = YES;
				CLANG_ANALYZER_NUMBER_OBJECT_CONVERSION = YES_AGGRESSIVE;
				CLANG_CXX_LANGUAGE_STANDARD = "gnu++20";
				CLANG_ENABLE_MODULES = YES;
				CLANG_ENABLE_OBJC_ARC = YES;
				CLANG_ENABLE_OBJC_WEAK = YES;
				CLANG_WARN_BLOCK_CAPTURE_AUTORELEASING = YES;
				CLANG_WARN_BOOL_CONVERSION = YES;
				CLANG_WARN_COMMA = YES;
				CLANG_WARN_CONSTANT_CONVERSION = YES;
				CLANG_WARN_DEPRECATED_OBJC_IMPLEMENTATIONS = YES;
				CLANG_WARN_DIRECT_OBJC_ISA_USAGE = YES_ERROR;
				CLANG_WARN_DOCUMENTATION_COMMENTS = YES;
				CLANG_WARN_EMPTY_BODY = YES;
				CLANG_WARN_ENUM_CONVERSION = YES;
				CLANG_WARN_INFINITE_RECURSION = YES;
				CLANG_WARN_INT_CONVERSION = YES;
				CLANG_WARN_NON_LITERAL_NULL_CONVERSION = YES;
				CLANG_WARN_OBJC_IMPLICIT_RETAIN_SELF = YES;
				CLANG_WARN_OBJC_LITERAL_CONVERSION = YES;
				CLANG_WARN_OBJC_ROOT_CLASS = YES_ERROR;
				CLANG_WARN_QUOTED_INCLUDE_IN_FRAMEWORK_HEADER = YES;
				CLANG_WARN_RANGE_LOOP_ANALYSIS = YES;
				CLANG_WARN_STRICT_PROTOTYPES = YES;
				CLANG_WARN_SUSPICIOUS_MOVE = YES;
				CLANG_WARN_UNGUARDED_AVAILABILITY = YES_AGGRESSIVE;
				CLANG_WARN_UNREACHABLE_CODE = YES;
				CLANG_WARN__DUPLICATE_METHOD_MATCH = YES;
				COPY_PHASE_STRIP = NO;
				DEBUG_INFORMATION_FORMAT = "dwarf-with-dsym";
				ENABLE_NS_ASSERTIONS = NO;
				ENABLE_STRICT_OBJC_MSGSEND = YES;
				GCC_C_LANGUAGE_STANDARD = gnu11;
				GCC_NO_COMMON_BLOCKS = YES;
				GCC_WARN_64_TO_32_BIT_CONVERSION = YES;
				GCC_WARN_ABOUT_RETURN_TYPE = YES_ERROR;
				GCC_WARN_UNDECLARED_SELECTOR = YES;
				GCC_WARN_UNINITIALIZED_AUTOS = YES_AGGRESSIVE;
				GCC_WARN_UNUSED_FUNCTION = YES;
				GCC_WARN_UNUSED_VARIABLE = YES;
				IPHONEOS_DEPLOYMENT_TARGET = 16.2;
				MTL_ENABLE_DEBUG_INFO = NO;
				MTL_FAST_MATH = YES;
				SDKROOT = iphoneos;
				SWIFT_COMPILATION_MODE = wholemodule;
				SWIFT_OPTIMIZATION_LEVEL = "-O";
				VALIDATE_PRODUCT = YES;
			};
			name = Release;
		};
		CA2FD7CB2B71A61F0097C000 /* Debug */ = {
			isa = XCBuildConfiguration;
			buildSettings = {
				ASSETCATALOG_COMPILER_APPICON_NAME = AppIcon;
				ASSETCATALOG_COMPILER_GLOBAL_ACCENT_COLOR_NAME = AccentColor;
				CODE_SIGN_STYLE = Automatic;
				CURRENT_PROJECT_VERSION = 1;
				DEVELOPMENT_ASSET_PATHS = "\"Restart/Preview Content\"";
				DEVELOPMENT_TEAM = 76QSDV59CX;
				ENABLE_PREVIEWS = YES;
				GENERATE_INFOPLIST_FILE = YES;
				INFOPLIST_FILE = Restart/Info.plist;
				INFOPLIST_KEY_UIApplicationSceneManifest_Generation = YES;
				INFOPLIST_KEY_UIApplicationSupportsIndirectInputEvents = YES;
				INFOPLIST_KEY_UISupportedInterfaceOrientations = UIInterfaceOrientationPortrait;
				LD_RUNPATH_SEARCH_PATHS = (
					"$(inherited)",
					"@executable_path/Frameworks",
				);
				MARKETING_VERSION = 1.0;
				PRODUCT_BUNDLE_IDENTIFIER = jp.ringrin.Restart;
				PRODUCT_NAME = "$(TARGET_NAME)";
				SWIFT_EMIT_LOC_STRINGS = YES;
				SWIFT_VERSION = 5.0;
				TARGETED_DEVICE_FAMILY = "1,2";
			};
			name = Debug;
		};
		CA2FD7CC2B71A61F0097C000 /* Release */ = {
			isa = XCBuildConfiguration;
			buildSettings = {
				ASSETCATALOG_COMPILER_APPICON_NAME = AppIcon;
				ASSETCATALOG_COMPILER_GLOBAL_ACCENT_COLOR_NAME = AccentColor;
				CODE_SIGN_STYLE = Automatic;
				CURRENT_PROJECT_VERSION = 1;
				DEVELOPMENT_ASSET_PATHS = "\"Restart/Preview Content\"";
				DEVELOPMENT_TEAM = 76QSDV59CX;
				ENABLE_PREVIEWS = YES;
				GENERATE_INFOPLIST_FILE = YES;
				INFOPLIST_FILE = Restart/Info.plist;
				INFOPLIST_KEY_UIApplicationSceneManifest_Generation = YES;
				INFOPLIST_KEY_UIApplicationSupportsIndirectInputEvents = YES;
				INFOPLIST_KEY_UISupportedInterfaceOrientations = UIInterfaceOrientationPortrait;
				LD_RUNPATH_SEARCH_PATHS = (
					"$(inherited)",
					"@executable_path/Frameworks",
				);
				MARKETING_VERSION = 1.0;
				PRODUCT_BUNDLE_IDENTIFIER = jp.ringrin.Restart;
				PRODUCT_NAME = "$(TARGET_NAME)";
				SWIFT_EMIT_LOC_STRINGS = YES;
				SWIFT_VERSION = 5.0;
				TARGETED_DEVICE_FAMILY = "1,2";
			};
			name = Release;
		};
/* End XCBuildConfiguration section */

/* Begin XCConfigurationList section */
		CA2FD7B72B71A61D0097C000 /* Build configuration list for PBXProject "Restart" */ = {
			isa = XCConfigurationList;
			buildConfigurations = (
				CA2FD7C82B71A61F0097C000 /* Debug */,
				CA2FD7C92B71A61F0097C000 /* Release */,
			);
			defaultConfigurationIsVisible = 0;
			defaultConfigurationName = Release;
		};
		CA2FD7CA2B71A61F0097C000 /* Build configuration list for PBXNativeTarget "Restart" */ = {
			isa = XCConfigurationList;
			buildConfigurations = (
				CA2FD7CB2B71A61F0097C000 /* Debug */,
				CA2FD7CC2B71A61F0097C000 /* Release */,
			);
			defaultConfigurationIsVisible = 0;
			defaultConfigurationName = Release;
		};
/* End XCConfigurationList section */
	};
	rootObject = CA2FD7B42B71A61D0097C000 /* Project object */;
}
